
Microsoft Visual Studio Solution File, Format Version 12.00
# Visual Studio Version 17
VisualStudioVersion = 17.0.31903.59
MinimumVisualStudioVersion = 10.0.40219.1
Project("{FAE04EC0-301F-11D3-BF4B-00C04F79EFBC}") = "BountyHunter", "BountyHunter.csproj", "{46865E08-048A-4528-BDD6-3578D2BC36EF}"
EndProject
Global
	GlobalSection(SolutionConfigurationPlatforms) = preSolution
		Debug|Any CPU = Debug|Any CPU
		Release|Any CPU = Release|Any CPU
	EndGlobalSection
	GlobalSection(ProjectConfigurationPlatforms) = postSolution
		{46865E08-048A-4528-BDD6-3578D2BC36EF}.Debug|Any CPU.ActiveCfg = Debug|Any CPU
		{46865E08-048A-4528-BDD6-3578D2BC36EF}.Debug|Any CPU.Build.0 = Debug|Any CPU
		{46865E08-048A-4528-BDD6-3578D2BC36EF}.Release|Any CPU.ActiveCfg = Release|Any CPU
		{46865E08-048A-4528-BDD6-3578D2BC36EF}.Release|Any CPU.Build.0 = Release|Any CPU
	EndGlobalSection
	GlobalSection(SolutionProperties) = preSolution
		HideSolutionNode = FALSE
	EndGlobalSection
	GlobalSection(ExtensibilityGlobals) = postSolution
		SolutionGuid = {873F7988-38C5-4803-B777-49246556A922}
	EndGlobalSection
EndGlobal
